# This file is automatically @generated by Wally.
# It is not intended for manual editing.
registry = "test"

[[package]]
name = "1foreverhd/topbarplus"
version = "3.4.0"
dependencies = []

[[package]]
name = "firebird702/profileservice"
version = "1.1.0"
dependencies = []

[[package]]
name = "ryanlua/satchel"
version = "1.4.1"
dependencies = [["topbarplus", "1foreverhd/topbarplus@3.4.0"]]

[[package]]
name = "sleitnick/signal"
version = "2.0.3"
dependencies = []

[[package]]
name = "thomasdeschamps/nuke-simulator"
version = "0.1.0"
dependencies = [["Satchel", "ryanlua/satchel@1.4.1"], ["Signal", "sleitnick/signal@2.0.3"], ["TopbarPlus", "virtualbutfake/topbarplus@3.0.5"], ["ProfileService", "firebird702/profileservice@1.1.0"]]

[[package]]
name = "virtualbutfake/topbarplus"
version = "3.0.5"
dependencies = []
